
Microsoft Visual Studio Solution File, Format Version 12.00
# Visual Studio Version 17
VisualStudioVersion = 17.13.35828.75
MinimumVisualStudioVersion = 10.0.40219.1
Project("{FAE04EC0-301F-11D3-BF4B-00C04F79EFBC}") = "API", "API.csproj", "{429B2126-BEF5-8677-521F-3B7E7F28EF0A}"
EndProject
Project("{FAE04EC0-301F-11D3-BF4B-00C04F79EFBC}") = "Api.Consumer.Tests", "..\ConsumerTests\Api.Consumer.Tests.csproj", "{D579B727-5830-4926-B45A-1C6BAED8814A}"
EndProject
Project("{FAE04EC0-301F-11D3-BF4B-00C04F79EFBC}") = "Api.Provider.Tests", "..\ProviderTests\Api.Provider.Tests.csproj", "{6E29B7ED-0289-45D0-A349-D647BFD06339}"
EndProject
Global
	GlobalSection(SolutionConfigurationPlatforms) = preSolution
		Debug|Any CPU = Debug|Any CPU
		Release|Any CPU = Release|Any CPU
	EndGlobalSection
	GlobalSection(ProjectConfigurationPlatforms) = postSolution
		{429B2126-BEF5-8677-521F-3B7E7F28EF0A}.Debug|Any CPU.ActiveCfg = Debug|Any CPU
		{429B2126-BEF5-8677-521F-3B7E7F28EF0A}.Debug|Any CPU.Build.0 = Debug|Any CPU
		{429B2126-BEF5-8677-521F-3B7E7F28EF0A}.Release|Any CPU.ActiveCfg = Release|Any CPU
		{429B2126-BEF5-8677-521F-3B7E7F28EF0A}.Release|Any CPU.Build.0 = Release|Any CPU
		{D579B727-5830-4926-B45A-1C6BAED8814A}.Debug|Any CPU.ActiveCfg = Debug|Any CPU
		{D579B727-5830-4926-B45A-1C6BAED8814A}.Debug|Any CPU.Build.0 = Debug|Any CPU
		{D579B727-5830-4926-B45A-1C6BAED8814A}.Release|Any CPU.ActiveCfg = Release|Any CPU
		{D579B727-5830-4926-B45A-1C6BAED8814A}.Release|Any CPU.Build.0 = Release|Any CPU
		{6E29B7ED-0289-45D0-A349-D647BFD06339}.Debug|Any CPU.ActiveCfg = Debug|Any CPU
		{6E29B7ED-0289-45D0-A349-D647BFD06339}.Debug|Any CPU.Build.0 = Debug|Any CPU
		{6E29B7ED-0289-45D0-A349-D647BFD06339}.Release|Any CPU.ActiveCfg = Release|Any CPU
		{6E29B7ED-0289-45D0-A349-D647BFD06339}.Release|Any CPU.Build.0 = Release|Any CPU
	EndGlobalSection
	GlobalSection(SolutionProperties) = preSolution
		HideSolutionNode = FALSE
	EndGlobalSection
	GlobalSection(ExtensibilityGlobals) = postSolution
		SolutionGuid = {BE6B7AF4-C064-486C-BF8E-149CFA079632}
	EndGlobalSection
EndGlobal
